
Microsoft Visual Studio Solution File, Format Version 12.00
VisualStudioVersion = 14.0.25123.0
MinimumVisualStudioVersion = 10.0.40219.1
Project("{FAE04EC0-301F-11D3-BF4B-00C04F79EFBC}") = "Fleet", "Fleet\Fleet.csproj", "{906F00EA-6832-438E-8A37-C282719780B0}"
EndProject
Project("{FAE04EC0-301F-11D3-BF4B-00C04F79EFBC}") = "Testing", "Testing\Testing.csproj", "{294FEC31-5611-47D8-A07E-11DDA7388246}"
EndProject
Project("{FAE04EC0-301F-11D3-BF4B-00C04F79EFBC}") = "FleetUI", "FleetUI\FleetUI.csproj", "{DC6F53A1-7D00-4414-A1A0-61EEC9CA0810}"
Project("{FAE04EC0-301F-11D3-BF4B-00C04F79EFBC}") = "Mono.Zeroconf", "Mono.Zeroconf-master\src\Mono.Zeroconf\Mono.Zeroconf.csproj", "{5CF88E3A-13DD-4114-BAD9-DA826946516F}"
EndProject
Project("{FAE04EC0-301F-11D3-BF4B-00C04F79EFBC}") = "Mono.Zeroconf.Providers.Bonjour", "Mono.Zeroconf-master\src\Mono.Zeroconf.Providers.Bonjour\Mono.Zeroconf.Providers.Bonjour.csproj", "{623325E2-5821-4701-A40C-3759097008DD}"
EndProject
Project("{FAE04EC0-301F-11D3-BF4B-00C04F79EFBC}") = "Lattice.Test", "Lattice.Test\Lattice.Test.csproj", "{CAED4DA3-2940-44C1-A4C6-E47915ADE2AA}"
EndProject
Project("{FAE04EC0-301F-11D3-BF4B-00C04F79EFBC}") = "LatticeDaemon", "LatticeDaemon\LatticeDaemon.csproj", "{2B3185D0-18EA-4360-9C6B-81A0950DD0C7}"
EndProject
Project("{FAE04EC0-301F-11D3-BF4B-00C04F79EFBC}") = "LatticeFoundation", "LatticeFoundation\LatticeFoundation.csproj", "{9A2295C3-4BC2-40EF-B011-22524AD278D4}"
EndProject
Project("{FAE04EC0-301F-11D3-BF4B-00C04F79EFBC}") = "LatticeViewer", "LatticeViewer\LatticeViewer.csproj", "{4B6287FE-40A3-4E05-B2FC-7A4296910AB9}"
EndProject
Project("{FAE04EC0-301F-11D3-BF4B-00C04F79EFBC}") = "LatticeSharing", "LatticeSharing\LatticeSharing.csproj", "{A357DDDE-5D6F-49F0-A5FD-60E393A0F245}"
EndProject
Global
	GlobalSection(SolutionConfigurationPlatforms) = preSolution
		Debug|Any CPU = Debug|Any CPU
		Debug|Mixed Platforms = Debug|Mixed Platforms
		Debug|x86 = Debug|x86
		Release|Any CPU = Release|Any CPU
		Release|Mixed Platforms = Release|Mixed Platforms
		Release|x86 = Release|x86
	EndGlobalSection
	GlobalSection(ProjectConfigurationPlatforms) = postSolution
		{294FEC31-5611-47D8-A07E-11DDA7388246}.Debug|Any CPU.ActiveCfg = Debug|Any CPU
		{294FEC31-5611-47D8-A07E-11DDA7388246}.Debug|Any CPU.Build.0 = Debug|Any CPU
		{294FEC31-5611-47D8-A07E-11DDA7388246}.Debug|Mixed Platforms.ActiveCfg = Debug|Any CPU
		{294FEC31-5611-47D8-A07E-11DDA7388246}.Debug|Mixed Platforms.Build.0 = Debug|Any CPU
		{294FEC31-5611-47D8-A07E-11DDA7388246}.Debug|x86.ActiveCfg = Debug|Any CPU
		{294FEC31-5611-47D8-A07E-11DDA7388246}.Release|Any CPU.ActiveCfg = Release|Any CPU
		{294FEC31-5611-47D8-A07E-11DDA7388246}.Release|Any CPU.Build.0 = Release|Any CPU
		{294FEC31-5611-47D8-A07E-11DDA7388246}.Release|Mixed Platforms.ActiveCfg = Release|Any CPU
		{294FEC31-5611-47D8-A07E-11DDA7388246}.Release|Mixed Platforms.Build.0 = Release|Any CPU
		{294FEC31-5611-47D8-A07E-11DDA7388246}.Release|x86.ActiveCfg = Release|Any CPU
		{906F00EA-6832-438E-8A37-C282719780B0}.Debug|Any CPU.ActiveCfg = Debug|Any CPU
		{906F00EA-6832-438E-8A37-C282719780B0}.Debug|Any CPU.Build.0 = Debug|Any CPU
		{906F00EA-6832-438E-8A37-C282719780B0}.Debug|Mixed Platforms.ActiveCfg = Debug|x86
		{906F00EA-6832-438E-8A37-C282719780B0}.Debug|x86.ActiveCfg = Debug|x86
		{906F00EA-6832-438E-8A37-C282719780B0}.Debug|x86.Build.0 = Debug|x86
		{906F00EA-6832-438E-8A37-C282719780B0}.Release|Any CPU.ActiveCfg = Release|x86
		{906F00EA-6832-438E-8A37-C282719780B0}.Release|Mixed Platforms.ActiveCfg = Release|x86
		{906F00EA-6832-438E-8A37-C282719780B0}.Release|Mixed Platforms.Build.0 = Release|x86
		{906F00EA-6832-438E-8A37-C282719780B0}.Release|x86.ActiveCfg = Release|x86
		{906F00EA-6832-438E-8A37-C282719780B0}.Release|x86.Build.0 = Release|x86
		{DC6F53A1-7D00-4414-A1A0-61EEC9CA0810}.Debug|Any CPU.ActiveCfg = Debug|x86
		{DC6F53A1-7D00-4414-A1A0-61EEC9CA0810}.Debug|Any CPU.Build.0 = Debug|x86
		{DC6F53A1-7D00-4414-A1A0-61EEC9CA0810}.Debug|Mixed Platforms.ActiveCfg = Debug|x86
		{DC6F53A1-7D00-4414-A1A0-61EEC9CA0810}.Debug|Mixed Platforms.Build.0 = Debug|x86
		{DC6F53A1-7D00-4414-A1A0-61EEC9CA0810}.Debug|x86.ActiveCfg = Debug|x86
		{DC6F53A1-7D00-4414-A1A0-61EEC9CA0810}.Debug|x86.Build.0 = Debug|x86
		{DC6F53A1-7D00-4414-A1A0-61EEC9CA0810}.Release|Any CPU.ActiveCfg = Release|x86
		{DC6F53A1-7D00-4414-A1A0-61EEC9CA0810}.Release|Any CPU.Build.0 = Release|x86
		{DC6F53A1-7D00-4414-A1A0-61EEC9CA0810}.Release|Mixed Platforms.ActiveCfg = Release|x86
		{DC6F53A1-7D00-4414-A1A0-61EEC9CA0810}.Release|Mixed Platforms.Build.0 = Release|x86
		{DC6F53A1-7D00-4414-A1A0-61EEC9CA0810}.Release|x86.ActiveCfg = Release|x86
		{DC6F53A1-7D00-4414-A1A0-61EEC9CA0810}.Release|x86.Build.0 = Release|x86
	EndGlobalSection
	GlobalSection(SolutionProperties) = preSolution
		HideSolutionNode = FALSE
		AppStore|Any CPU = AppStore|Any CPU
		AppStore|ARM = AppStore|ARM
		AppStore|iPhone = AppStore|iPhone
		AppStore|iPhoneSimulator = AppStore|iPhoneSimulator
		AppStore|x86 = AppStore|x86
		Debug|Any CPU = Debug|Any CPU
		Debug|ARM = Debug|ARM
		Debug|iPhone = Debug|iPhone
		Debug|iPhoneSimulator = Debug|iPhoneSimulator
		Debug|x86 = Debug|x86
		Release|Any CPU = Release|Any CPU
		Release|ARM = Release|ARM
		Release|iPhone = Release|iPhone
		Release|iPhoneSimulator = Release|iPhoneSimulator
		Release|x86 = Release|x86
	EndGlobalSection
<<<<<<< HEAD
=======
	GlobalSection(ProjectConfigurationPlatforms) = postSolution
		{906F00EA-6832-438E-8A37-C282719780B0}.AppStore|Any CPU.ActiveCfg = Release|x86
		{906F00EA-6832-438E-8A37-C282719780B0}.AppStore|Any CPU.Build.0 = Release|x86
		{906F00EA-6832-438E-8A37-C282719780B0}.AppStore|ARM.ActiveCfg = Release|x86
		{906F00EA-6832-438E-8A37-C282719780B0}.AppStore|ARM.Build.0 = Release|x86
		{906F00EA-6832-438E-8A37-C282719780B0}.AppStore|iPhone.ActiveCfg = Release|x86
		{906F00EA-6832-438E-8A37-C282719780B0}.AppStore|iPhone.Build.0 = Release|x86
		{906F00EA-6832-438E-8A37-C282719780B0}.AppStore|iPhoneSimulator.ActiveCfg = Release|x86
		{906F00EA-6832-438E-8A37-C282719780B0}.AppStore|iPhoneSimulator.Build.0 = Release|x86
		{906F00EA-6832-438E-8A37-C282719780B0}.AppStore|x86.ActiveCfg = Release|x86
		{906F00EA-6832-438E-8A37-C282719780B0}.AppStore|x86.Build.0 = Release|x86
		{906F00EA-6832-438E-8A37-C282719780B0}.Debug|Any CPU.ActiveCfg = Debug|x86
		{906F00EA-6832-438E-8A37-C282719780B0}.Debug|ARM.ActiveCfg = Debug|x86
		{906F00EA-6832-438E-8A37-C282719780B0}.Debug|iPhone.ActiveCfg = Debug|x86
		{906F00EA-6832-438E-8A37-C282719780B0}.Debug|iPhoneSimulator.ActiveCfg = Debug|x86
		{906F00EA-6832-438E-8A37-C282719780B0}.Debug|x86.ActiveCfg = Debug|x86
		{906F00EA-6832-438E-8A37-C282719780B0}.Debug|x86.Build.0 = Debug|x86
		{906F00EA-6832-438E-8A37-C282719780B0}.Release|Any CPU.ActiveCfg = Release|x86
		{906F00EA-6832-438E-8A37-C282719780B0}.Release|ARM.ActiveCfg = Release|x86
		{906F00EA-6832-438E-8A37-C282719780B0}.Release|iPhone.ActiveCfg = Release|x86
		{906F00EA-6832-438E-8A37-C282719780B0}.Release|iPhoneSimulator.ActiveCfg = Release|x86
		{906F00EA-6832-438E-8A37-C282719780B0}.Release|x86.ActiveCfg = Release|x86
		{906F00EA-6832-438E-8A37-C282719780B0}.Release|x86.Build.0 = Release|x86
		{5CF88E3A-13DD-4114-BAD9-DA826946516F}.AppStore|Any CPU.ActiveCfg = Debug|Any CPU
		{5CF88E3A-13DD-4114-BAD9-DA826946516F}.AppStore|Any CPU.Build.0 = Debug|Any CPU
		{5CF88E3A-13DD-4114-BAD9-DA826946516F}.AppStore|ARM.ActiveCfg = Debug|Any CPU
		{5CF88E3A-13DD-4114-BAD9-DA826946516F}.AppStore|ARM.Build.0 = Debug|Any CPU
		{5CF88E3A-13DD-4114-BAD9-DA826946516F}.AppStore|iPhone.ActiveCfg = Debug|Any CPU
		{5CF88E3A-13DD-4114-BAD9-DA826946516F}.AppStore|iPhone.Build.0 = Debug|Any CPU
		{5CF88E3A-13DD-4114-BAD9-DA826946516F}.AppStore|iPhoneSimulator.ActiveCfg = Debug|Any CPU
		{5CF88E3A-13DD-4114-BAD9-DA826946516F}.AppStore|iPhoneSimulator.Build.0 = Debug|Any CPU
		{5CF88E3A-13DD-4114-BAD9-DA826946516F}.AppStore|x86.ActiveCfg = Debug|Any CPU
		{5CF88E3A-13DD-4114-BAD9-DA826946516F}.AppStore|x86.Build.0 = Debug|Any CPU
		{5CF88E3A-13DD-4114-BAD9-DA826946516F}.Debug|Any CPU.ActiveCfg = Debug|Any CPU
		{5CF88E3A-13DD-4114-BAD9-DA826946516F}.Debug|Any CPU.Build.0 = Debug|Any CPU
		{5CF88E3A-13DD-4114-BAD9-DA826946516F}.Debug|ARM.ActiveCfg = Debug|Any CPU
		{5CF88E3A-13DD-4114-BAD9-DA826946516F}.Debug|ARM.Build.0 = Debug|Any CPU
		{5CF88E3A-13DD-4114-BAD9-DA826946516F}.Debug|iPhone.ActiveCfg = Debug|Any CPU
		{5CF88E3A-13DD-4114-BAD9-DA826946516F}.Debug|iPhone.Build.0 = Debug|Any CPU
		{5CF88E3A-13DD-4114-BAD9-DA826946516F}.Debug|iPhoneSimulator.ActiveCfg = Debug|Any CPU
		{5CF88E3A-13DD-4114-BAD9-DA826946516F}.Debug|iPhoneSimulator.Build.0 = Debug|Any CPU
		{5CF88E3A-13DD-4114-BAD9-DA826946516F}.Debug|x86.ActiveCfg = Debug|Any CPU
		{5CF88E3A-13DD-4114-BAD9-DA826946516F}.Debug|x86.Build.0 = Debug|Any CPU
		{5CF88E3A-13DD-4114-BAD9-DA826946516F}.Release|Any CPU.ActiveCfg = Debug|Any CPU
		{5CF88E3A-13DD-4114-BAD9-DA826946516F}.Release|Any CPU.Build.0 = Debug|Any CPU
		{5CF88E3A-13DD-4114-BAD9-DA826946516F}.Release|ARM.ActiveCfg = Debug|Any CPU
		{5CF88E3A-13DD-4114-BAD9-DA826946516F}.Release|ARM.Build.0 = Debug|Any CPU
		{5CF88E3A-13DD-4114-BAD9-DA826946516F}.Release|iPhone.ActiveCfg = Debug|Any CPU
		{5CF88E3A-13DD-4114-BAD9-DA826946516F}.Release|iPhone.Build.0 = Debug|Any CPU
		{5CF88E3A-13DD-4114-BAD9-DA826946516F}.Release|iPhoneSimulator.ActiveCfg = Debug|Any CPU
		{5CF88E3A-13DD-4114-BAD9-DA826946516F}.Release|iPhoneSimulator.Build.0 = Debug|Any CPU
		{5CF88E3A-13DD-4114-BAD9-DA826946516F}.Release|x86.ActiveCfg = Debug|Any CPU
		{5CF88E3A-13DD-4114-BAD9-DA826946516F}.Release|x86.Build.0 = Debug|Any CPU
		{623325E2-5821-4701-A40C-3759097008DD}.AppStore|Any CPU.ActiveCfg = Debug|Any CPU
		{623325E2-5821-4701-A40C-3759097008DD}.AppStore|Any CPU.Build.0 = Debug|Any CPU
		{623325E2-5821-4701-A40C-3759097008DD}.AppStore|ARM.ActiveCfg = Debug|Any CPU
		{623325E2-5821-4701-A40C-3759097008DD}.AppStore|ARM.Build.0 = Debug|Any CPU
		{623325E2-5821-4701-A40C-3759097008DD}.AppStore|iPhone.ActiveCfg = Debug|Any CPU
		{623325E2-5821-4701-A40C-3759097008DD}.AppStore|iPhone.Build.0 = Debug|Any CPU
		{623325E2-5821-4701-A40C-3759097008DD}.AppStore|iPhoneSimulator.ActiveCfg = Debug|Any CPU
		{623325E2-5821-4701-A40C-3759097008DD}.AppStore|iPhoneSimulator.Build.0 = Debug|Any CPU
		{623325E2-5821-4701-A40C-3759097008DD}.AppStore|x86.ActiveCfg = Debug|Any CPU
		{623325E2-5821-4701-A40C-3759097008DD}.AppStore|x86.Build.0 = Debug|Any CPU
		{623325E2-5821-4701-A40C-3759097008DD}.Debug|Any CPU.ActiveCfg = Debug|Any CPU
		{623325E2-5821-4701-A40C-3759097008DD}.Debug|Any CPU.Build.0 = Debug|Any CPU
		{623325E2-5821-4701-A40C-3759097008DD}.Debug|ARM.ActiveCfg = Debug|Any CPU
		{623325E2-5821-4701-A40C-3759097008DD}.Debug|ARM.Build.0 = Debug|Any CPU
		{623325E2-5821-4701-A40C-3759097008DD}.Debug|iPhone.ActiveCfg = Debug|Any CPU
		{623325E2-5821-4701-A40C-3759097008DD}.Debug|iPhone.Build.0 = Debug|Any CPU
		{623325E2-5821-4701-A40C-3759097008DD}.Debug|iPhoneSimulator.ActiveCfg = Debug|Any CPU
		{623325E2-5821-4701-A40C-3759097008DD}.Debug|iPhoneSimulator.Build.0 = Debug|Any CPU
		{623325E2-5821-4701-A40C-3759097008DD}.Debug|x86.ActiveCfg = Debug|Any CPU
		{623325E2-5821-4701-A40C-3759097008DD}.Debug|x86.Build.0 = Debug|Any CPU
		{623325E2-5821-4701-A40C-3759097008DD}.Release|Any CPU.ActiveCfg = Debug|Any CPU
		{623325E2-5821-4701-A40C-3759097008DD}.Release|Any CPU.Build.0 = Debug|Any CPU
		{623325E2-5821-4701-A40C-3759097008DD}.Release|ARM.ActiveCfg = Debug|Any CPU
		{623325E2-5821-4701-A40C-3759097008DD}.Release|ARM.Build.0 = Debug|Any CPU
		{623325E2-5821-4701-A40C-3759097008DD}.Release|iPhone.ActiveCfg = Debug|Any CPU
		{623325E2-5821-4701-A40C-3759097008DD}.Release|iPhone.Build.0 = Debug|Any CPU
		{623325E2-5821-4701-A40C-3759097008DD}.Release|iPhoneSimulator.ActiveCfg = Debug|Any CPU
		{623325E2-5821-4701-A40C-3759097008DD}.Release|iPhoneSimulator.Build.0 = Debug|Any CPU
		{623325E2-5821-4701-A40C-3759097008DD}.Release|x86.ActiveCfg = Debug|Any CPU
		{623325E2-5821-4701-A40C-3759097008DD}.Release|x86.Build.0 = Debug|Any CPU
		{CAED4DA3-2940-44C1-A4C6-E47915ADE2AA}.AppStore|Any CPU.ActiveCfg = Release|x86
		{CAED4DA3-2940-44C1-A4C6-E47915ADE2AA}.AppStore|Any CPU.Build.0 = Release|x86
		{CAED4DA3-2940-44C1-A4C6-E47915ADE2AA}.AppStore|ARM.ActiveCfg = Release|x86
		{CAED4DA3-2940-44C1-A4C6-E47915ADE2AA}.AppStore|ARM.Build.0 = Release|x86
		{CAED4DA3-2940-44C1-A4C6-E47915ADE2AA}.AppStore|iPhone.ActiveCfg = Release|x86
		{CAED4DA3-2940-44C1-A4C6-E47915ADE2AA}.AppStore|iPhone.Build.0 = Release|x86
		{CAED4DA3-2940-44C1-A4C6-E47915ADE2AA}.AppStore|iPhoneSimulator.ActiveCfg = Release|x86
		{CAED4DA3-2940-44C1-A4C6-E47915ADE2AA}.AppStore|iPhoneSimulator.Build.0 = Release|x86
		{CAED4DA3-2940-44C1-A4C6-E47915ADE2AA}.AppStore|x86.ActiveCfg = Release|x86
		{CAED4DA3-2940-44C1-A4C6-E47915ADE2AA}.AppStore|x86.Build.0 = Release|x86
		{CAED4DA3-2940-44C1-A4C6-E47915ADE2AA}.Debug|Any CPU.ActiveCfg = Debug|x86
		{CAED4DA3-2940-44C1-A4C6-E47915ADE2AA}.Debug|ARM.ActiveCfg = Debug|x86
		{CAED4DA3-2940-44C1-A4C6-E47915ADE2AA}.Debug|iPhone.ActiveCfg = Debug|x86
		{CAED4DA3-2940-44C1-A4C6-E47915ADE2AA}.Debug|iPhoneSimulator.ActiveCfg = Debug|x86
		{CAED4DA3-2940-44C1-A4C6-E47915ADE2AA}.Debug|x86.ActiveCfg = Debug|x86
		{CAED4DA3-2940-44C1-A4C6-E47915ADE2AA}.Debug|x86.Build.0 = Debug|x86
		{CAED4DA3-2940-44C1-A4C6-E47915ADE2AA}.Release|Any CPU.ActiveCfg = Release|x86
		{CAED4DA3-2940-44C1-A4C6-E47915ADE2AA}.Release|ARM.ActiveCfg = Release|x86
		{CAED4DA3-2940-44C1-A4C6-E47915ADE2AA}.Release|iPhone.ActiveCfg = Release|x86
		{CAED4DA3-2940-44C1-A4C6-E47915ADE2AA}.Release|iPhoneSimulator.ActiveCfg = Release|x86
		{CAED4DA3-2940-44C1-A4C6-E47915ADE2AA}.Release|x86.ActiveCfg = Release|x86
		{CAED4DA3-2940-44C1-A4C6-E47915ADE2AA}.Release|x86.Build.0 = Release|x86
		{2B3185D0-18EA-4360-9C6B-81A0950DD0C7}.AppStore|Any CPU.ActiveCfg = Release|Any CPU
		{2B3185D0-18EA-4360-9C6B-81A0950DD0C7}.AppStore|Any CPU.Build.0 = Release|Any CPU
		{2B3185D0-18EA-4360-9C6B-81A0950DD0C7}.AppStore|ARM.ActiveCfg = Release|Any CPU
		{2B3185D0-18EA-4360-9C6B-81A0950DD0C7}.AppStore|ARM.Build.0 = Release|Any CPU
		{2B3185D0-18EA-4360-9C6B-81A0950DD0C7}.AppStore|iPhone.ActiveCfg = Release|Any CPU
		{2B3185D0-18EA-4360-9C6B-81A0950DD0C7}.AppStore|iPhone.Build.0 = Release|Any CPU
		{2B3185D0-18EA-4360-9C6B-81A0950DD0C7}.AppStore|iPhoneSimulator.ActiveCfg = Release|Any CPU
		{2B3185D0-18EA-4360-9C6B-81A0950DD0C7}.AppStore|iPhoneSimulator.Build.0 = Release|Any CPU
		{2B3185D0-18EA-4360-9C6B-81A0950DD0C7}.AppStore|x86.ActiveCfg = Release|Any CPU
		{2B3185D0-18EA-4360-9C6B-81A0950DD0C7}.AppStore|x86.Build.0 = Release|Any CPU
		{2B3185D0-18EA-4360-9C6B-81A0950DD0C7}.Debug|Any CPU.ActiveCfg = Debug|Any CPU
		{2B3185D0-18EA-4360-9C6B-81A0950DD0C7}.Debug|Any CPU.Build.0 = Debug|Any CPU
		{2B3185D0-18EA-4360-9C6B-81A0950DD0C7}.Debug|ARM.ActiveCfg = Debug|Any CPU
		{2B3185D0-18EA-4360-9C6B-81A0950DD0C7}.Debug|ARM.Build.0 = Debug|Any CPU
		{2B3185D0-18EA-4360-9C6B-81A0950DD0C7}.Debug|iPhone.ActiveCfg = Debug|Any CPU
		{2B3185D0-18EA-4360-9C6B-81A0950DD0C7}.Debug|iPhone.Build.0 = Debug|Any CPU
		{2B3185D0-18EA-4360-9C6B-81A0950DD0C7}.Debug|iPhoneSimulator.ActiveCfg = Debug|Any CPU
		{2B3185D0-18EA-4360-9C6B-81A0950DD0C7}.Debug|iPhoneSimulator.Build.0 = Debug|Any CPU
		{2B3185D0-18EA-4360-9C6B-81A0950DD0C7}.Debug|x86.ActiveCfg = Debug|Any CPU
		{2B3185D0-18EA-4360-9C6B-81A0950DD0C7}.Debug|x86.Build.0 = Debug|Any CPU
		{2B3185D0-18EA-4360-9C6B-81A0950DD0C7}.Release|Any CPU.ActiveCfg = Release|Any CPU
		{2B3185D0-18EA-4360-9C6B-81A0950DD0C7}.Release|Any CPU.Build.0 = Release|Any CPU
		{2B3185D0-18EA-4360-9C6B-81A0950DD0C7}.Release|ARM.ActiveCfg = Release|Any CPU
		{2B3185D0-18EA-4360-9C6B-81A0950DD0C7}.Release|ARM.Build.0 = Release|Any CPU
		{2B3185D0-18EA-4360-9C6B-81A0950DD0C7}.Release|iPhone.ActiveCfg = Release|Any CPU
		{2B3185D0-18EA-4360-9C6B-81A0950DD0C7}.Release|iPhone.Build.0 = Release|Any CPU
		{2B3185D0-18EA-4360-9C6B-81A0950DD0C7}.Release|iPhoneSimulator.ActiveCfg = Release|Any CPU
		{2B3185D0-18EA-4360-9C6B-81A0950DD0C7}.Release|iPhoneSimulator.Build.0 = Release|Any CPU
		{2B3185D0-18EA-4360-9C6B-81A0950DD0C7}.Release|x86.ActiveCfg = Release|Any CPU
		{2B3185D0-18EA-4360-9C6B-81A0950DD0C7}.Release|x86.Build.0 = Release|Any CPU
		{9A2295C3-4BC2-40EF-B011-22524AD278D4}.AppStore|Any CPU.ActiveCfg = Release|Any CPU
		{9A2295C3-4BC2-40EF-B011-22524AD278D4}.AppStore|Any CPU.Build.0 = Release|Any CPU
		{9A2295C3-4BC2-40EF-B011-22524AD278D4}.AppStore|ARM.ActiveCfg = Release|Any CPU
		{9A2295C3-4BC2-40EF-B011-22524AD278D4}.AppStore|ARM.Build.0 = Release|Any CPU
		{9A2295C3-4BC2-40EF-B011-22524AD278D4}.AppStore|iPhone.ActiveCfg = Release|Any CPU
		{9A2295C3-4BC2-40EF-B011-22524AD278D4}.AppStore|iPhone.Build.0 = Release|Any CPU
		{9A2295C3-4BC2-40EF-B011-22524AD278D4}.AppStore|iPhoneSimulator.ActiveCfg = Release|Any CPU
		{9A2295C3-4BC2-40EF-B011-22524AD278D4}.AppStore|iPhoneSimulator.Build.0 = Release|Any CPU
		{9A2295C3-4BC2-40EF-B011-22524AD278D4}.AppStore|x86.ActiveCfg = Release|Any CPU
		{9A2295C3-4BC2-40EF-B011-22524AD278D4}.AppStore|x86.Build.0 = Release|Any CPU
		{9A2295C3-4BC2-40EF-B011-22524AD278D4}.Debug|Any CPU.ActiveCfg = Debug|Any CPU
		{9A2295C3-4BC2-40EF-B011-22524AD278D4}.Debug|Any CPU.Build.0 = Debug|Any CPU
		{9A2295C3-4BC2-40EF-B011-22524AD278D4}.Debug|ARM.ActiveCfg = Debug|Any CPU
		{9A2295C3-4BC2-40EF-B011-22524AD278D4}.Debug|ARM.Build.0 = Debug|Any CPU
		{9A2295C3-4BC2-40EF-B011-22524AD278D4}.Debug|iPhone.ActiveCfg = Debug|Any CPU
		{9A2295C3-4BC2-40EF-B011-22524AD278D4}.Debug|iPhone.Build.0 = Debug|Any CPU
		{9A2295C3-4BC2-40EF-B011-22524AD278D4}.Debug|iPhoneSimulator.ActiveCfg = Debug|Any CPU
		{9A2295C3-4BC2-40EF-B011-22524AD278D4}.Debug|iPhoneSimulator.Build.0 = Debug|Any CPU
		{9A2295C3-4BC2-40EF-B011-22524AD278D4}.Debug|x86.ActiveCfg = Debug|Any CPU
		{9A2295C3-4BC2-40EF-B011-22524AD278D4}.Debug|x86.Build.0 = Debug|Any CPU
		{9A2295C3-4BC2-40EF-B011-22524AD278D4}.Release|Any CPU.ActiveCfg = Release|Any CPU
		{9A2295C3-4BC2-40EF-B011-22524AD278D4}.Release|Any CPU.Build.0 = Release|Any CPU
		{9A2295C3-4BC2-40EF-B011-22524AD278D4}.Release|ARM.ActiveCfg = Release|Any CPU
		{9A2295C3-4BC2-40EF-B011-22524AD278D4}.Release|ARM.Build.0 = Release|Any CPU
		{9A2295C3-4BC2-40EF-B011-22524AD278D4}.Release|iPhone.ActiveCfg = Release|Any CPU
		{9A2295C3-4BC2-40EF-B011-22524AD278D4}.Release|iPhone.Build.0 = Release|Any CPU
		{9A2295C3-4BC2-40EF-B011-22524AD278D4}.Release|iPhoneSimulator.ActiveCfg = Release|Any CPU
		{9A2295C3-4BC2-40EF-B011-22524AD278D4}.Release|iPhoneSimulator.Build.0 = Release|Any CPU
		{9A2295C3-4BC2-40EF-B011-22524AD278D4}.Release|x86.ActiveCfg = Release|Any CPU
		{9A2295C3-4BC2-40EF-B011-22524AD278D4}.Release|x86.Build.0 = Release|Any CPU
		{4B6287FE-40A3-4E05-B2FC-7A4296910AB9}.AppStore|Any CPU.ActiveCfg = Release|Any CPU
		{4B6287FE-40A3-4E05-B2FC-7A4296910AB9}.AppStore|Any CPU.Build.0 = Release|Any CPU
		{4B6287FE-40A3-4E05-B2FC-7A4296910AB9}.AppStore|ARM.ActiveCfg = Release|Any CPU
		{4B6287FE-40A3-4E05-B2FC-7A4296910AB9}.AppStore|ARM.Build.0 = Release|Any CPU
		{4B6287FE-40A3-4E05-B2FC-7A4296910AB9}.AppStore|iPhone.ActiveCfg = Release|Any CPU
		{4B6287FE-40A3-4E05-B2FC-7A4296910AB9}.AppStore|iPhone.Build.0 = Release|Any CPU
		{4B6287FE-40A3-4E05-B2FC-7A4296910AB9}.AppStore|iPhoneSimulator.ActiveCfg = Release|Any CPU
		{4B6287FE-40A3-4E05-B2FC-7A4296910AB9}.AppStore|iPhoneSimulator.Build.0 = Release|Any CPU
		{4B6287FE-40A3-4E05-B2FC-7A4296910AB9}.AppStore|x86.ActiveCfg = Release|Any CPU
		{4B6287FE-40A3-4E05-B2FC-7A4296910AB9}.AppStore|x86.Build.0 = Release|Any CPU
		{4B6287FE-40A3-4E05-B2FC-7A4296910AB9}.Debug|Any CPU.ActiveCfg = Debug|Any CPU
		{4B6287FE-40A3-4E05-B2FC-7A4296910AB9}.Debug|Any CPU.Build.0 = Debug|Any CPU
		{4B6287FE-40A3-4E05-B2FC-7A4296910AB9}.Debug|ARM.ActiveCfg = Debug|Any CPU
		{4B6287FE-40A3-4E05-B2FC-7A4296910AB9}.Debug|ARM.Build.0 = Debug|Any CPU
		{4B6287FE-40A3-4E05-B2FC-7A4296910AB9}.Debug|iPhone.ActiveCfg = Debug|Any CPU
		{4B6287FE-40A3-4E05-B2FC-7A4296910AB9}.Debug|iPhone.Build.0 = Debug|Any CPU
		{4B6287FE-40A3-4E05-B2FC-7A4296910AB9}.Debug|iPhoneSimulator.ActiveCfg = Debug|Any CPU
		{4B6287FE-40A3-4E05-B2FC-7A4296910AB9}.Debug|iPhoneSimulator.Build.0 = Debug|Any CPU
		{4B6287FE-40A3-4E05-B2FC-7A4296910AB9}.Debug|x86.ActiveCfg = Debug|Any CPU
		{4B6287FE-40A3-4E05-B2FC-7A4296910AB9}.Debug|x86.Build.0 = Debug|Any CPU
		{4B6287FE-40A3-4E05-B2FC-7A4296910AB9}.Release|Any CPU.ActiveCfg = Release|Any CPU
		{4B6287FE-40A3-4E05-B2FC-7A4296910AB9}.Release|Any CPU.Build.0 = Release|Any CPU
		{4B6287FE-40A3-4E05-B2FC-7A4296910AB9}.Release|ARM.ActiveCfg = Release|Any CPU
		{4B6287FE-40A3-4E05-B2FC-7A4296910AB9}.Release|ARM.Build.0 = Release|Any CPU
		{4B6287FE-40A3-4E05-B2FC-7A4296910AB9}.Release|iPhone.ActiveCfg = Release|Any CPU
		{4B6287FE-40A3-4E05-B2FC-7A4296910AB9}.Release|iPhone.Build.0 = Release|Any CPU
		{4B6287FE-40A3-4E05-B2FC-7A4296910AB9}.Release|iPhoneSimulator.ActiveCfg = Release|Any CPU
		{4B6287FE-40A3-4E05-B2FC-7A4296910AB9}.Release|iPhoneSimulator.Build.0 = Release|Any CPU
		{4B6287FE-40A3-4E05-B2FC-7A4296910AB9}.Release|x86.ActiveCfg = Release|Any CPU
		{4B6287FE-40A3-4E05-B2FC-7A4296910AB9}.Release|x86.Build.0 = Release|Any CPU
		{A357DDDE-5D6F-49F0-A5FD-60E393A0F245}.AppStore|Any CPU.ActiveCfg = Release|Any CPU
		{A357DDDE-5D6F-49F0-A5FD-60E393A0F245}.AppStore|Any CPU.Build.0 = Release|Any CPU
		{A357DDDE-5D6F-49F0-A5FD-60E393A0F245}.AppStore|ARM.ActiveCfg = Release|Any CPU
		{A357DDDE-5D6F-49F0-A5FD-60E393A0F245}.AppStore|ARM.Build.0 = Release|Any CPU
		{A357DDDE-5D6F-49F0-A5FD-60E393A0F245}.AppStore|iPhone.ActiveCfg = Release|Any CPU
		{A357DDDE-5D6F-49F0-A5FD-60E393A0F245}.AppStore|iPhone.Build.0 = Release|Any CPU
		{A357DDDE-5D6F-49F0-A5FD-60E393A0F245}.AppStore|iPhoneSimulator.ActiveCfg = Release|Any CPU
		{A357DDDE-5D6F-49F0-A5FD-60E393A0F245}.AppStore|iPhoneSimulator.Build.0 = Release|Any CPU
		{A357DDDE-5D6F-49F0-A5FD-60E393A0F245}.AppStore|x86.ActiveCfg = Release|Any CPU
		{A357DDDE-5D6F-49F0-A5FD-60E393A0F245}.AppStore|x86.Build.0 = Release|Any CPU
		{A357DDDE-5D6F-49F0-A5FD-60E393A0F245}.Debug|Any CPU.ActiveCfg = Debug|Any CPU
		{A357DDDE-5D6F-49F0-A5FD-60E393A0F245}.Debug|Any CPU.Build.0 = Debug|Any CPU
		{A357DDDE-5D6F-49F0-A5FD-60E393A0F245}.Debug|ARM.ActiveCfg = Debug|Any CPU
		{A357DDDE-5D6F-49F0-A5FD-60E393A0F245}.Debug|ARM.Build.0 = Debug|Any CPU
		{A357DDDE-5D6F-49F0-A5FD-60E393A0F245}.Debug|iPhone.ActiveCfg = Debug|Any CPU
		{A357DDDE-5D6F-49F0-A5FD-60E393A0F245}.Debug|iPhone.Build.0 = Debug|Any CPU
		{A357DDDE-5D6F-49F0-A5FD-60E393A0F245}.Debug|iPhoneSimulator.ActiveCfg = Debug|Any CPU
		{A357DDDE-5D6F-49F0-A5FD-60E393A0F245}.Debug|iPhoneSimulator.Build.0 = Debug|Any CPU
		{A357DDDE-5D6F-49F0-A5FD-60E393A0F245}.Debug|x86.ActiveCfg = Debug|Any CPU
		{A357DDDE-5D6F-49F0-A5FD-60E393A0F245}.Debug|x86.Build.0 = Debug|Any CPU
		{A357DDDE-5D6F-49F0-A5FD-60E393A0F245}.Release|Any CPU.ActiveCfg = Release|Any CPU
		{A357DDDE-5D6F-49F0-A5FD-60E393A0F245}.Release|Any CPU.Build.0 = Release|Any CPU
		{A357DDDE-5D6F-49F0-A5FD-60E393A0F245}.Release|ARM.ActiveCfg = Release|Any CPU
		{A357DDDE-5D6F-49F0-A5FD-60E393A0F245}.Release|ARM.Build.0 = Release|Any CPU
		{A357DDDE-5D6F-49F0-A5FD-60E393A0F245}.Release|iPhone.ActiveCfg = Release|Any CPU
		{A357DDDE-5D6F-49F0-A5FD-60E393A0F245}.Release|iPhone.Build.0 = Release|Any CPU
		{A357DDDE-5D6F-49F0-A5FD-60E393A0F245}.Release|iPhoneSimulator.ActiveCfg = Release|Any CPU
		{A357DDDE-5D6F-49F0-A5FD-60E393A0F245}.Release|iPhoneSimulator.Build.0 = Release|Any CPU
		{A357DDDE-5D6F-49F0-A5FD-60E393A0F245}.Release|x86.ActiveCfg = Release|Any CPU
		{A357DDDE-5D6F-49F0-A5FD-60E393A0F245}.Release|x86.Build.0 = Release|Any CPU
	EndGlobalSection
>>>>>>> Basic image sharing app. Not pretty. Successfuly shares images accross network.
	GlobalSection(SolutionProperties) = preSolution
		HideSolutionNode = FALSE
	EndGlobalSection
EndGlobal
